
Microsoft Visual Studio Solution File, Format Version 12.00
# Visual Studio Version 17
VisualStudioVersion = 17.5.33627.172
MinimumVisualStudioVersion = 10.0.40219.1
Project("{FAE04EC0-301F-11D3-BF4B-00C04F79EFBC}") = "ConsoleApp11 lado", "ConsoleApp11 lado\ConsoleApp11 lado.csproj", "{FBBED584-824F-420F-B923-88112526F921}"
EndProject
Global
	GlobalSection(SolutionConfigurationPlatforms) = preSolution
		Debug|Any CPU = Debug|Any CPU
		Release|Any CPU = Release|Any CPU
	EndGlobalSection
	GlobalSection(ProjectConfigurationPlatforms) = postSolution
		{FBBED584-824F-420F-B923-88112526F921}.Debug|Any CPU.ActiveCfg = Debug|Any CPU
		{FBBED584-824F-420F-B923-88112526F921}.Debug|Any CPU.Build.0 = Debug|Any CPU
		{FBBED584-824F-420F-B923-88112526F921}.Release|Any CPU.ActiveCfg = Release|Any CPU
		{FBBED584-824F-420F-B923-88112526F921}.Release|Any CPU.Build.0 = Release|Any CPU
	EndGlobalSection
	GlobalSection(SolutionProperties) = preSolution
		HideSolutionNode = FALSE
	EndGlobalSection
	GlobalSection(ExtensibilityGlobals) = postSolution
		SolutionGuid = {F6316290-57B3-4EC1-87A4-F6A26BE71D65}
	EndGlobalSection
EndGlobal
