
Microsoft Visual Studio Solution File, Format Version 12.00
# Visual Studio Version 17
VisualStudioVersion = 17.5.33627.172
MinimumVisualStudioVersion = 10.0.40219.1
Project("{9A19103F-16F7-4668-BE54-9A1E7A4F7556}") = "WinFormsApp7 cotizacion dolar", "ejercicios con windows forms\WinFormsApp7 cotizacion dolar\WinFormsApp7 cotizacion dolar.csproj", "{50D55C58-CBF0-4D29-B00C-5109028E27E5}"
EndProject
Global
	GlobalSection(SolutionConfigurationPlatforms) = preSolution
		Debug|Any CPU = Debug|Any CPU
		Release|Any CPU = Release|Any CPU
	EndGlobalSection
	GlobalSection(ProjectConfigurationPlatforms) = postSolution
		{50D55C58-CBF0-4D29-B00C-5109028E27E5}.Debug|Any CPU.ActiveCfg = Debug|Any CPU
		{50D55C58-CBF0-4D29-B00C-5109028E27E5}.Debug|Any CPU.Build.0 = Debug|Any CPU
		{50D55C58-CBF0-4D29-B00C-5109028E27E5}.Release|Any CPU.ActiveCfg = Release|Any CPU
		{50D55C58-CBF0-4D29-B00C-5109028E27E5}.Release|Any CPU.Build.0 = Release|Any CPU
	EndGlobalSection
	GlobalSection(SolutionProperties) = preSolution
		HideSolutionNode = FALSE
	EndGlobalSection
	GlobalSection(ExtensibilityGlobals) = postSolution
		SolutionGuid = {47CF4362-C6E9-47A5-8AD5-AE1A61BB76FD}
	EndGlobalSection
EndGlobal
