
Microsoft Visual Studio Solution File, Format Version 12.00
# Visual Studio Version 17
VisualStudioVersion = 17.5.33627.172
MinimumVisualStudioVersion = 10.0.40219.1
Project("{FAE04EC0-301F-11D3-BF4B-00C04F79EFBC}") = "ejercicio58", "ejercicio58\ejercicio58.csproj", "{D1E6E194-34B5-4608-A20C-31F7077EF33A}"
EndProject
Global
	GlobalSection(SolutionConfigurationPlatforms) = preSolution
		Debug|Any CPU = Debug|Any CPU
		Release|Any CPU = Release|Any CPU
	EndGlobalSection
	GlobalSection(ProjectConfigurationPlatforms) = postSolution
		{D1E6E194-34B5-4608-A20C-31F7077EF33A}.Debug|Any CPU.ActiveCfg = Debug|Any CPU
		{D1E6E194-34B5-4608-A20C-31F7077EF33A}.Debug|Any CPU.Build.0 = Debug|Any CPU
		{D1E6E194-34B5-4608-A20C-31F7077EF33A}.Release|Any CPU.ActiveCfg = Release|Any CPU
		{D1E6E194-34B5-4608-A20C-31F7077EF33A}.Release|Any CPU.Build.0 = Release|Any CPU
	EndGlobalSection
	GlobalSection(SolutionProperties) = preSolution
		HideSolutionNode = FALSE
	EndGlobalSection
	GlobalSection(ExtensibilityGlobals) = postSolution
		SolutionGuid = {E487FE54-96C0-4C7C-825A-72AF5F8BD0EC}
	EndGlobalSection
EndGlobal
