
Microsoft Visual Studio Solution File, Format Version 12.00
# Visual Studio Version 17
VisualStudioVersion = 17.5.33627.172
MinimumVisualStudioVersion = 10.0.40219.1
Project("{9A19103F-16F7-4668-BE54-9A1E7A4F7556}") = "ConsoleApp5", "ConsoleApp5\ConsoleApp5.csproj", "{4F26FD33-4E65-4C6B-8602-C3E15E36DDF7}"
EndProject
Project("{FAE04EC0-301F-11D3-BF4B-00C04F79EFBC}") = "WinFormsApp5 radio", "..\..\ejercicios con windows forms\WinFormsApp5 radio\WinFormsApp5 radio.csproj", "{649FE6D2-614B-4B16-9F0E-DECB50370071}"
EndProject
Global
	GlobalSection(SolutionConfigurationPlatforms) = preSolution
		Debug|Any CPU = Debug|Any CPU
		Release|Any CPU = Release|Any CPU
	EndGlobalSection
	GlobalSection(ProjectConfigurationPlatforms) = postSolution
		{4F26FD33-4E65-4C6B-8602-C3E15E36DDF7}.Debug|Any CPU.ActiveCfg = Debug|Any CPU
		{4F26FD33-4E65-4C6B-8602-C3E15E36DDF7}.Debug|Any CPU.Build.0 = Debug|Any CPU
		{4F26FD33-4E65-4C6B-8602-C3E15E36DDF7}.Release|Any CPU.ActiveCfg = Release|Any CPU
		{4F26FD33-4E65-4C6B-8602-C3E15E36DDF7}.Release|Any CPU.Build.0 = Release|Any CPU
		{649FE6D2-614B-4B16-9F0E-DECB50370071}.Debug|Any CPU.ActiveCfg = Debug|Any CPU
		{649FE6D2-614B-4B16-9F0E-DECB50370071}.Debug|Any CPU.Build.0 = Debug|Any CPU
		{649FE6D2-614B-4B16-9F0E-DECB50370071}.Release|Any CPU.ActiveCfg = Release|Any CPU
		{649FE6D2-614B-4B16-9F0E-DECB50370071}.Release|Any CPU.Build.0 = Release|Any CPU
	EndGlobalSection
	GlobalSection(SolutionProperties) = preSolution
		HideSolutionNode = FALSE
	EndGlobalSection
	GlobalSection(ExtensibilityGlobals) = postSolution
		SolutionGuid = {3981165E-D336-4551-8F7A-4C301A427E3A}
	EndGlobalSection
EndGlobal
