
Microsoft Visual Studio Solution File, Format Version 12.00
# Visual Studio Version 17
VisualStudioVersion = 17.5.33627.172
MinimumVisualStudioVersion = 10.0.40219.1
Project("{FAE04EC0-301F-11D3-BF4B-00C04F79EFBC}") = "ejercicio27", "ejercicio27\ejercicio27.csproj", "{8F846717-F7D0-4EBB-AE7A-DB44D5616D97}"
EndProject
Global
	GlobalSection(SolutionConfigurationPlatforms) = preSolution
		Debug|Any CPU = Debug|Any CPU
		Release|Any CPU = Release|Any CPU
	EndGlobalSection
	GlobalSection(ProjectConfigurationPlatforms) = postSolution
		{8F846717-F7D0-4EBB-AE7A-DB44D5616D97}.Debug|Any CPU.ActiveCfg = Debug|Any CPU
		{8F846717-F7D0-4EBB-AE7A-DB44D5616D97}.Debug|Any CPU.Build.0 = Debug|Any CPU
		{8F846717-F7D0-4EBB-AE7A-DB44D5616D97}.Release|Any CPU.ActiveCfg = Release|Any CPU
		{8F846717-F7D0-4EBB-AE7A-DB44D5616D97}.Release|Any CPU.Build.0 = Release|Any CPU
	EndGlobalSection
	GlobalSection(SolutionProperties) = preSolution
		HideSolutionNode = FALSE
	EndGlobalSection
	GlobalSection(ExtensibilityGlobals) = postSolution
		SolutionGuid = {1F995905-72D9-40F0-88EE-82F5E3CFC2F7}
	EndGlobalSection
EndGlobal
