
Microsoft Visual Studio Solution File, Format Version 12.00
# Visual Studio Version 17
VisualStudioVersion = 17.5.33627.172
MinimumVisualStudioVersion = 10.0.40219.1
Project("{FAE04EC0-301F-11D3-BF4B-00C04F79EFBC}") = "ConsoleApp16b", "ConsoleApp16b\ConsoleApp16b.csproj", "{BA256DBD-6C27-4715-8A62-73A71416B2CA}"
EndProject
Global
	GlobalSection(SolutionConfigurationPlatforms) = preSolution
		Debug|Any CPU = Debug|Any CPU
		Release|Any CPU = Release|Any CPU
	EndGlobalSection
	GlobalSection(ProjectConfigurationPlatforms) = postSolution
		{BA256DBD-6C27-4715-8A62-73A71416B2CA}.Debug|Any CPU.ActiveCfg = Debug|Any CPU
		{BA256DBD-6C27-4715-8A62-73A71416B2CA}.Debug|Any CPU.Build.0 = Debug|Any CPU
		{BA256DBD-6C27-4715-8A62-73A71416B2CA}.Release|Any CPU.ActiveCfg = Release|Any CPU
		{BA256DBD-6C27-4715-8A62-73A71416B2CA}.Release|Any CPU.Build.0 = Release|Any CPU
	EndGlobalSection
	GlobalSection(SolutionProperties) = preSolution
		HideSolutionNode = FALSE
	EndGlobalSection
	GlobalSection(ExtensibilityGlobals) = postSolution
		SolutionGuid = {448669AD-AB1F-477C-BE4F-DF9205D77E01}
	EndGlobalSection
EndGlobal
