
Microsoft Visual Studio Solution File, Format Version 12.00
# Visual Studio Version 17
VisualStudioVersion = 17.5.33627.172
MinimumVisualStudioVersion = 10.0.40219.1
Project("{FAE04EC0-301F-11D3-BF4B-00C04F79EFBC}") = "ejercicio 35", "ejercicio 35\ejercicio 35.csproj", "{EBEABB51-1F79-43C1-923C-753143AA4049}"
EndProject
Global
	GlobalSection(SolutionConfigurationPlatforms) = preSolution
		Debug|Any CPU = Debug|Any CPU
		Release|Any CPU = Release|Any CPU
	EndGlobalSection
	GlobalSection(ProjectConfigurationPlatforms) = postSolution
		{EBEABB51-1F79-43C1-923C-753143AA4049}.Debug|Any CPU.ActiveCfg = Debug|Any CPU
		{EBEABB51-1F79-43C1-923C-753143AA4049}.Debug|Any CPU.Build.0 = Debug|Any CPU
		{EBEABB51-1F79-43C1-923C-753143AA4049}.Release|Any CPU.ActiveCfg = Release|Any CPU
		{EBEABB51-1F79-43C1-923C-753143AA4049}.Release|Any CPU.Build.0 = Release|Any CPU
	EndGlobalSection
	GlobalSection(SolutionProperties) = preSolution
		HideSolutionNode = FALSE
	EndGlobalSection
	GlobalSection(ExtensibilityGlobals) = postSolution
		SolutionGuid = {84DE5DC9-ED4E-4225-AC90-97AD9D6538A6}
	EndGlobalSection
EndGlobal
