
Microsoft Visual Studio Solution File, Format Version 12.00
# Visual Studio Version 17
VisualStudioVersion = 17.5.33627.172
MinimumVisualStudioVersion = 10.0.40219.1
Project("{FAE04EC0-301F-11D3-BF4B-00C04F79EFBC}") = "ConsoleApp40x", "ConsoleApp40x\ConsoleApp40x.csproj", "{1EB13143-A821-422C-A4FC-92247CD2D1A4}"
EndProject
Project("{FAE04EC0-301F-11D3-BF4B-00C04F79EFBC}") = "WinForms40x", "WinForms40x\WinForms40x.csproj", "{674EBFF4-0F23-4BC3-8E0A-6B12432F4AC1}"
EndProject
Global
	GlobalSection(SolutionConfigurationPlatforms) = preSolution
		Debug|Any CPU = Debug|Any CPU
		Release|Any CPU = Release|Any CPU
	EndGlobalSection
	GlobalSection(ProjectConfigurationPlatforms) = postSolution
		{1EB13143-A821-422C-A4FC-92247CD2D1A4}.Debug|Any CPU.ActiveCfg = Debug|Any CPU
		{1EB13143-A821-422C-A4FC-92247CD2D1A4}.Debug|Any CPU.Build.0 = Debug|Any CPU
		{1EB13143-A821-422C-A4FC-92247CD2D1A4}.Release|Any CPU.ActiveCfg = Release|Any CPU
		{1EB13143-A821-422C-A4FC-92247CD2D1A4}.Release|Any CPU.Build.0 = Release|Any CPU
		{674EBFF4-0F23-4BC3-8E0A-6B12432F4AC1}.Debug|Any CPU.ActiveCfg = Debug|Any CPU
		{674EBFF4-0F23-4BC3-8E0A-6B12432F4AC1}.Debug|Any CPU.Build.0 = Debug|Any CPU
		{674EBFF4-0F23-4BC3-8E0A-6B12432F4AC1}.Release|Any CPU.ActiveCfg = Release|Any CPU
		{674EBFF4-0F23-4BC3-8E0A-6B12432F4AC1}.Release|Any CPU.Build.0 = Release|Any CPU
	EndGlobalSection
	GlobalSection(SolutionProperties) = preSolution
		HideSolutionNode = FALSE
	EndGlobalSection
	GlobalSection(ExtensibilityGlobals) = postSolution
		SolutionGuid = {9565218C-3EFE-4247-BFBC-911479935456}
	EndGlobalSection
EndGlobal
