
Microsoft Visual Studio Solution File, Format Version 12.00
# Visual Studio Version 17
VisualStudioVersion = 17.5.33627.172
MinimumVisualStudioVersion = 10.0.40219.1
Project("{FAE04EC0-301F-11D3-BF4B-00C04F79EFBC}") = "ejercicio 31", "ejercicio 31\ejercicio 31.csproj", "{82121065-19DA-4EDC-92AA-AB63DF01AB23}"
EndProject
Global
	GlobalSection(SolutionConfigurationPlatforms) = preSolution
		Debug|Any CPU = Debug|Any CPU
		Release|Any CPU = Release|Any CPU
	EndGlobalSection
	GlobalSection(ProjectConfigurationPlatforms) = postSolution
		{82121065-19DA-4EDC-92AA-AB63DF01AB23}.Debug|Any CPU.ActiveCfg = Debug|Any CPU
		{82121065-19DA-4EDC-92AA-AB63DF01AB23}.Debug|Any CPU.Build.0 = Debug|Any CPU
		{82121065-19DA-4EDC-92AA-AB63DF01AB23}.Release|Any CPU.ActiveCfg = Release|Any CPU
		{82121065-19DA-4EDC-92AA-AB63DF01AB23}.Release|Any CPU.Build.0 = Release|Any CPU
	EndGlobalSection
	GlobalSection(SolutionProperties) = preSolution
		HideSolutionNode = FALSE
	EndGlobalSection
	GlobalSection(ExtensibilityGlobals) = postSolution
		SolutionGuid = {073A1264-D8DD-47C4-AEB4-5260BBEB193F}
	EndGlobalSection
EndGlobal
