
Microsoft Visual Studio Solution File, Format Version 12.00
# Visual Studio Version 17
VisualStudioVersion = 17.5.33530.505
MinimumVisualStudioVersion = 10.0.40219.1
Project("{FAE04EC0-301F-11D3-BF4B-00C04F79EFBC}") = "suma resta multiplicacion y division ejercicio2", "suma resta multiplicacion y division ejercicio2.csproj", "{CA20138F-EDD1-4C18-9891-ACDC6DD5591A}"
EndProject
Global
	GlobalSection(SolutionConfigurationPlatforms) = preSolution
		Debug|Any CPU = Debug|Any CPU
		Release|Any CPU = Release|Any CPU
	EndGlobalSection
	GlobalSection(ProjectConfigurationPlatforms) = postSolution
		{CA20138F-EDD1-4C18-9891-ACDC6DD5591A}.Debug|Any CPU.ActiveCfg = Debug|Any CPU
		{CA20138F-EDD1-4C18-9891-ACDC6DD5591A}.Debug|Any CPU.Build.0 = Debug|Any CPU
		{CA20138F-EDD1-4C18-9891-ACDC6DD5591A}.Release|Any CPU.ActiveCfg = Release|Any CPU
		{CA20138F-EDD1-4C18-9891-ACDC6DD5591A}.Release|Any CPU.Build.0 = Release|Any CPU
	EndGlobalSection
	GlobalSection(SolutionProperties) = preSolution
		HideSolutionNode = FALSE
	EndGlobalSection
	GlobalSection(ExtensibilityGlobals) = postSolution
		SolutionGuid = {4844F9A5-DA92-498D-813A-BEB387503D44}
	EndGlobalSection
EndGlobal
